
Microsoft Visual Studio Solution File, Format Version 12.00
# Visual Studio Version 17
VisualStudioVersion = 17.0.31912.275
MinimumVisualStudioVersion = 10.0.40219.1
Project("{FAE04EC0-301F-11D3-BF4B-00C04F79EFBC}") = "EhentaiSpider", "EhentaiSpider\EhentaiSpider.csproj", "{56FE4F6D-690E-4D3F-80E6-B0D4952269B3}"
EndProject
Project("{FAE04EC0-301F-11D3-BF4B-00C04F79EFBC}") = "EhentaiProject.Console", "EhentaiProject.Console\EhentaiProject.Console.csproj", "{6E02907D-0DB9-4E2F-8553-79CFDFCFC699}"
EndProject
Global
	GlobalSection(SolutionConfigurationPlatforms) = preSolution
		Debug|Any CPU = Debug|Any CPU
		Release|Any CPU = Release|Any CPU
	EndGlobalSection
	GlobalSection(ProjectConfigurationPlatforms) = postSolution
		{56FE4F6D-690E-4D3F-80E6-B0D4952269B3}.Debug|Any CPU.ActiveCfg = Debug|Any CPU
		{56FE4F6D-690E-4D3F-80E6-B0D4952269B3}.Debug|Any CPU.Build.0 = Debug|Any CPU
		{56FE4F6D-690E-4D3F-80E6-B0D4952269B3}.Release|Any CPU.ActiveCfg = Release|Any CPU
		{56FE4F6D-690E-4D3F-80E6-B0D4952269B3}.Release|Any CPU.Build.0 = Release|Any CPU
		{6E02907D-0DB9-4E2F-8553-79CFDFCFC699}.Debug|Any CPU.ActiveCfg = Debug|Any CPU
		{6E02907D-0DB9-4E2F-8553-79CFDFCFC699}.Debug|Any CPU.Build.0 = Debug|Any CPU
		{6E02907D-0DB9-4E2F-8553-79CFDFCFC699}.Release|Any CPU.ActiveCfg = Release|Any CPU
		{6E02907D-0DB9-4E2F-8553-79CFDFCFC699}.Release|Any CPU.Build.0 = Release|Any CPU
	EndGlobalSection
	GlobalSection(SolutionProperties) = preSolution
		HideSolutionNode = FALSE
	EndGlobalSection
	GlobalSection(ExtensibilityGlobals) = postSolution
		SolutionGuid = {9705E93A-E026-40E3-A4D9-1D9E1E0787C9}
	EndGlobalSection
EndGlobal
